// !$*UTF8*$!
{
	archiveVersion = 1;
	classes = {
	};
	objectVersion = 50;
	objects = {

/* Begin PBXBuildFile section */
		84854E1F23F6E4D2005B2BFD /* AppDelegate.swift in Sources */ = {isa = PBXBuildFile; fileRef = 84854E1E23F6E4D2005B2BFD /* AppDelegate.swift */; };
		84854E2123F6E4D2005B2BFD /* SceneDelegate.swift in Sources */ = {isa = PBXBuildFile; fileRef = 84854E2023F6E4D2005B2BFD /* SceneDelegate.swift */; };
		84854E2323F6E4D2005B2BFD /* ViewController.swift in Sources */ = {isa = PBXBuildFile; fileRef = 84854E2223F6E4D2005B2BFD /* ViewController.swift */; };
		84854E2623F6E4D2005B2BFD /* Main.storyboard in Resources */ = {isa = PBXBuildFile; fileRef = 84854E2423F6E4D2005B2BFD /* Main.storyboard */; };
		84854E2823F6E4D3005B2BFD /* Assets.xcassets in Resources */ = {isa = PBXBuildFile; fileRef = 84854E2723F6E4D3005B2BFD /* Assets.xcassets */; };
		84854E2B23F6E4D3005B2BFD /* LaunchScreen.storyboard in Resources */ = {isa = PBXBuildFile; fileRef = 84854E2923F6E4D3005B2BFD /* LaunchScreen.storyboard */; };
		84854E3323F6E64F005B2BFD /* SecondViewController.swift in Sources */ = {isa = PBXBuildFile; fileRef = 84854E3223F6E64F005B2BFD /* SecondViewController.swift */; };
/* End PBXBuildFile section */

/* Begin PBXFileReference section */
		84854E1B23F6E4D2005B2BFD /* PassDataDelegate5.app */ = {isa = PBXFileReference; explicitFileType = wrapper.application; includeInIndex = 0; path = PassDataDelegate5.app; sourceTree = BUILT_PRODUCTS_DIR; };
		84854E1E23F6E4D2005B2BFD /* AppDelegate.swift */ = {isa = PBXFileReference; lastKnownFileType = sourcecode.swift; path = AppDelegate.swift; sourceTree = "<group>"; };
		84854E2023F6E4D2005B2BFD /* SceneDelegate.swift */ = {isa = PBXFileReference; lastKnownFileType = sourcecode.swift; path = SceneDelegate.swift; sourceTree = "<group>"; };
		84854E2223F6E4D2005B2BFD /* ViewController.swift */ = {isa = PBXFileReference; lastKnownFileType = sourcecode.swift; path = ViewController.swift; sourceTree = "<group>"; };
		84854E2523F6E4D2005B2BFD /* Base */ = {isa = PBXFileReference; lastKnownFileType = file.storyboard; name = Base; path = Base.lproj/Main.storyboard; sourceTree = "<group>"; };
		84854E2723F6E4D3005B2BFD /* Assets.xcassets */ = {isa = PBXFileReference; lastKnownFileType = folder.assetcatalog; path = Assets.xcassets; sourceTree = "<group>"; };
		84854E2A23F6E4D3005B2BFD /* Base */ = {isa = PBXFileReference; lastKnownFileType = file.storyboard; name = Base; path = Base.lproj/LaunchScreen.storyboard; sourceTree = "<group>"; };
		84854E2C23F6E4D3005B2BFD /* Info.plist */ = {isa = PBXFileReference; lastKnownFileType = text.plist.xml; path = Info.plist; sourceTree = "<group>"; };
		84854E3223F6E64F005B2BFD /* SecondViewController.swift */ = {isa = PBXFileReference; lastKnownFileType = sourcecode.swift; path = SecondViewController.swift; sourceTree = "<group>"; };
/* End PBXFileReference section */

/* Begin PBXFrameworksBuildPhase section */
		84854E1823F6E4D2005B2BFD /* Frameworks */ = {
			isa = PBXFrameworksBuildPhase;
			buildActionMask = 2147483647;
			files = (
			);
			runOnlyForDeploymentPostprocessing = 0;
		};
/* End PBXFrameworksBuildPhase section */

/* Begin PBXGroup section */
		84854E1223F6E4D2005B2BFD = {
			isa = PBXGroup;
			children = (
				84854E1D23F6E4D2005B2BFD /* PassDataDelegate5 */,
				84854E1C23F6E4D2005B2BFD /* Products */,
			);
			sourceTree = "<group>";
		};
		84854E1C23F6E4D2005B2BFD /* Products */ = {
			isa = PBXGroup;
			children = (
				84854E1B23F6E4D2005B2BFD /* PassDataDelegate5.app */,
			);
			name = Products;
			sourceTree = "<group>";
		};
		84854E1D23F6E4D2005B2BFD /* PassDataDelegate5 */ = {
			isa = PBXGroup;
			children = (
				84854E1E23F6E4D2005B2BFD /* AppDelegate.swift */,
				84854E2023F6E4D2005B2BFD /* SceneDelegate.swift */,
				84854E2223F6E4D2005B2BFD /* ViewController.swift */,
				84854E3223F6E64F005B2BFD /* SecondViewController.swift */,
				84854E2423F6E4D2005B2BFD /* Main.storyboard */,
				84854E2723F6E4D3005B2BFD /* Assets.xcassets */,
				84854E2923F6E4D3005B2BFD /* LaunchScreen.storyboard */,
				84854E2C23F6E4D3005B2BFD /* Info.plist */,
			);
			path = PassDataDelegate5;
			sourceTree = "<group>";
		};
/* End PBXGroup section */

/* Begin PBXNativeTarget section */
		84854E1A23F6E4D2005B2BFD /* PassDataDelegate5 */ = {
			isa = PBXNativeTarget;
			buildConfigurationList = 84854E2F23F6E4D3005B2BFD /* Build configuration list for PBXNativeTarget "PassDataDelegate5" */;
			buildPhases = (
				84854E1723F6E4D2005B2BFD /* Sources */,
				84854E1823F6E4D2005B2BFD /* Frameworks */,
				84854E1923F6E4D2005B2BFD /* Resources */,
			);
			buildRules = (
			);
			dependencies = (
			);
			name = PassDataDelegate5;
			productName = PassDataDelegate5;
			productReference = 84854E1B23F6E4D2005B2BFD /* PassDataDelegate5.app */;
			productType = "com.apple.product-type.application";
		};
/* End PBXNativeTarget section */

/* Begin PBXProject section */
		84854E1323F6E4D2005B2BFD /* Project object */ = {
			isa = PBXProject;
			attributes = {
				LastSwiftUpdateCheck = 1100;
				LastUpgradeCheck = 1100;
				ORGANIZATIONNAME = Long;
				TargetAttributes = {
					84854E1A23F6E4D2005B2BFD = {
						CreatedOnToolsVersion = 11.0;
					};
				};
			};
			buildConfigurationList = 84854E1623F6E4D2005B2BFD /* Build configuration list for PBXProject "PassDataDelegate5" */;
			compatibilityVersion = "Xcode 9.3";
			developmentRegion = en;
			hasScannedForEncodings = 0;
			knownRegions = (
				en,
				Base,
			);
			mainGroup = 84854E1223F6E4D2005B2BFD;
			productRefGroup = 84854E1C23F6E4D2005B2BFD /* Products */;
			projectDirPath = "";
			projectRoot = "";
			targets = (
				84854E1A23F6E4D2005B2BFD /* PassDataDelegate5 */,
			);
		};
/* End PBXProject section */

/* Begin PBXResourcesBuildPhase section */
		84854E1923F6E4D2005B2BFD /* Resources */ = {
			isa = PBXResourcesBuildPhase;
			buildActionMask = 2147483647;
			files = (
				84854E2B23F6E4D3005B2BFD /* LaunchScreen.storyboard in Resources */,
				84854E2823F6E4D3005B2BFD /* Assets.xcassets in Resources */,
				84854E2623F6E4D2005B2BFD /* Main.storyboard in Resources */,
			);
			runOnlyForDeploymentPostprocessing = 0;
		};
/* End PBXResourcesBuildPhase section */

/* Begin PBXSourcesBuildPhase section */
		84854E1723F6E4D2005B2BFD /* Sources */ = {
			isa = PBXSourcesBuildPhase;
			buildActionMask = 2147483647;
			files = (
				84854E3323F6E64F005B2BFD /* SecondViewController.swift in Sources */,
				84854E2323F6E4D2005B2BFD /* ViewController.swift in Sources */,
				84854E1F23F6E4D2005B2BFD /* AppDelegate.swift in Sources */,
				84854E2123F6E4D2005B2BFD /* SceneDelegate.swift in Sources */,
			);
			runOnlyForDeploymentPostprocessing = 0;
		};
/* End PBXSourcesBuildPhase section */

/* Begin PBXVariantGroup section */
		84854E2423F6E4D2005B2BFD /* Main.storyboard */ = {
			isa = PBXVariantGroup;
			children = (
				84854E2523F6E4D2005B2BFD /* Base */,
			);
			name = Main.storyboard;
			sourceTree = "<group>";
		};
		84854E2923F6E4D3005B2BFD /* LaunchScreen.storyboard */ = {
			isa = PBXVariantGroup;
			children = (
				84854E2A23F6E4D3005B2BFD /* Base */,
			);
			name = LaunchScreen.storyboard;
			sourceTree = "<group>";
		};
/* End PBXVariantGroup section */

/* Begin XCBuildConfiguration section */
		84854E2D23F6E4D3005B2BFD /* Debug */ = {
			isa = XCBuildConfiguration;
			buildSettings = {
				ALWAYS_SEARCH_USER_PATHS = NO;
				CLANG_ANALYZER_NONNULL = YES;
				CLANG_ANALYZER_NUMBER_OBJECT_CONVERSION = YES_AGGRESSIVE;
				CLANG_CXX_LANGUAGE_STANDARD = "gnu++14";
				CLANG_CXX_LIBRARY = "libc++";
				CLANG_ENABLE_MODULES = YES;
				CLANG_ENABLE_OBJC_ARC = YES;
				CLANG_ENABLE_OBJC_WEAK = YES;
				CLANG_WARN_BLOCK_CAPTURE_AUTORELEASING = YES;
				CLANG_WARN_BOOL_CONVERSION = YES;
				CLANG_WARN_COMMA = YES;
				CLANG_WARN_CONSTANT_CONVERSION = YES;
				CLANG_WARN_DEPRECATED_OBJC_IMPLEMENTATIONS = YES;
				CLANG_WARN_DIRECT_OBJC_ISA_USAGE = YES_ERROR;
				CLANG_WARN_DOCUMENTATION_COMMENTS = YES;
				CLANG_WARN_EMPTY_BODY = YES;
				CLANG_WARN_ENUM_CONVERSION = YES;
				CLANG_WARN_INFINITE_RECURSION = YES;
				CLANG_WARN_INT_CONVERSION = YES;
				CLANG_WARN_NON_LITERAL_NULL_CONVERSION = YES;
				CLANG_WARN_OBJC_IMPLICIT_RETAIN_SELF = YES;
				CLANG_WARN_OBJC_LITERAL_CONVERSION = YES;
				CLANG_WARN_OBJC_ROOT_CLASS = YES_ERROR;
				CLANG_WARN_RANGE_LOOP_ANALYSIS = YES;
				CLANG_WARN_STRICT_PROTOTYPES = YES;
				CLANG_WARN_SUSPICIOUS_MOVE = YES;
				CLANG_WARN_UNGUARDED_AVAILABILITY = YES_AGGRESSIVE;
				CLANG_WARN_UNREACHABLE_CODE = YES;
				CLANG_WARN__DUPLICATE_METHOD_MATCH = YES;
				COPY_PHASE_STRIP = NO;
				DEBUG_INFORMATION_FORMAT = dwarf;
				ENABLE_STRICT_OBJC_MSGSEND = YES;
				ENABLE_TESTABILITY = YES;
				GCC_C_LANGUAGE_STANDARD = gnu11;
				GCC_DYNAMIC_NO_PIC = NO;
				GCC_NO_COMMON_BLOCKS = YES;
				GCC_OPTIMIZATION_LEVEL = 0;
				GCC_PREPROCESSOR_DEFINITIONS = (
					"DEBUG=1",
					"$(inherited)",
				);
				GCC_WARN_64_TO_32_BIT_CONVERSION = YES;
				GCC_WARN_ABOUT_RETURN_TYPE = YES_ERROR;
				GCC_WARN_UNDECLARED_SELECTOR = YES;
				GCC_WARN_UNINITIALIZED_AUTOS = YES_AGGRESSIVE;
				GCC_WARN_UNUSED_FUNCTION = YES;
				GCC_WARN_UNUSED_VARIABLE = YES;
				IPHONEOS_DEPLOYMENT_TARGET = 13.0;
				MTL_ENABLE_DEBUG_INFO = INCLUDE_SOURCE;
				MTL_FAST_MATH = YES;
				ONLY_ACTIVE_ARCH = YES;
				SDKROOT = iphoneos;
				SWIFT_ACTIVE_COMPILATION_CONDITIONS = DEBUG;
				SWIFT_OPTIMIZATION_LEVEL = "-Onone";
			};
			name = Debug;
		};
		84854E2E23F6E4D3005B2BFD /* Release */ = {
			isa = XCBuildConfiguration;
			buildSettings = {
				ALWAYS_SEARCH_USER_PATHS = NO;
				CLANG_ANALYZER_NONNULL = YES;
				CLANG_ANALYZER_NUMBER_OBJECT_CONVERSION = YES_AGGRESSIVE;
				CLANG_CXX_LANGUAGE_STANDARD = "gnu++14";
				CLANG_CXX_LIBRARY = "libc++";
				CLANG_ENABLE_MODULES = YES;
				CLANG_ENABLE_OBJC_ARC = YES;
				CLANG_ENABLE_OBJC_WEAK = YES;
				CLANG_WARN_BLOCK_CAPTURE_AUTORELEASING = YES;
				CLANG_WARN_BOOL_CONVERSION = YES;
				CLANG_WARN_COMMA = YES;
				CLANG_WARN_CONSTANT_CONVERSION = YES;
				CLANG_WARN_DEPRECATED_OBJC_IMPLEMENTATIONS = YES;
				CLANG_WARN_DIRECT_OBJC_ISA_USAGE = YES_ERROR;
				CLANG_WARN_DOCUMENTATION_COMMENTS = YES;
				CLANG_WARN_EMPTY_BODY = YES;
				CLANG_WARN_ENUM_CONVERSION = YES;
				CLANG_WARN_INFINITE_RECURSION = YES;
				CLANG_WARN_INT_CONVERSION = YES;
				CLANG_WARN_NON_LITERAL_NULL_CONVERSION = YES;
				CLANG_WARN_OBJC_IMPLICIT_RETAIN_SELF = YES;
				CLANG_WARN_OBJC_LITERAL_CONVERSION = YES;
				CLANG_WARN_OBJC_ROOT_CLASS = YES_ERROR;
				CLANG_WARN_RANGE_LOOP_ANALYSIS = YES;
				CLANG_WARN_STRICT_PROTOTYPES = YES;
				CLANG_WARN_SUSPICIOUS_MOVE = YES;
				CLANG_WARN_UNGUARDED_AVAILABILITY = YES_AGGRESSIVE;
				CLANG_WARN_UNREACHABLE_CODE = YES;
				CLANG_WARN__DUPLICATE_METHOD_MATCH = YES;
				COPY_PHASE_STRIP = NO;
				DEBUG_INFORMATION_FORMAT = "dwarf-with-dsym";
				ENABLE_NS_ASSERTIONS = NO;
				ENABLE_STRICT_OBJC_MSGSEND = YES;
				GCC_C_LANGUAGE_STANDARD = gnu11;
				GCC_NO_COMMON_BLOCKS = YES;
				GCC_WARN_64_TO_32_BIT_CONVERSION = YES;
				GCC_WARN_ABOUT_RETURN_TYPE = YES_ERROR;
				GCC_WARN_UNDECLARED_SELECTOR = YES;
				GCC_WARN_UNINITIALIZED_AUTOS = YES_AGGRESSIVE;
				GCC_WARN_UNUSED_FUNCTION = YES;
				GCC_WARN_UNUSED_VARIABLE = YES;
				IPHONEOS_DEPLOYMENT_TARGET = 13.0;
				MTL_ENABLE_DEBUG_INFO = NO;
				MTL_FAST_MATH = YES;
				SDKROOT = iphoneos;
				SWIFT_COMPILATION_MODE = wholemodule;
				SWIFT_OPTIMIZATION_LEVEL = "-O";
				VALIDATE_PRODUCT = YES;
			};
			name = Release;
		};
		84854E3023F6E4D3005B2BFD /* Debug */ = {
			isa = XCBuildConfiguration;
			buildSettings = {
				ASSETCATALOG_COMPILER_APPICON_NAME = AppIcon;
				CODE_SIGN_STYLE = Automatic;
				INFOPLIST_FILE = PassDataDelegate5/Info.plist;
				LD_RUNPATH_SEARCH_PATHS = (
					"$(inherited)",
					"@executable_path/Frameworks",
				);
				PRODUCT_BUNDLE_IDENTIFIER = Long.PassDataDelegate5;
				PRODUCT_NAME = "$(TARGET_NAME)";
				SWIFT_VERSION = 5.0;
				TARGETED_DEVICE_FAMILY = "1,2";
			};
			name = Debug;
		};
		84854E3123F6E4D3005B2BFD /* Release */ = {
			isa = XCBuildConfiguration;
			buildSettings = {
				ASSETCATALOG_COMPILER_APPICON_NAME = AppIcon;
				CODE_SIGN_STYLE = Automatic;
				INFOPLIST_FILE = PassDataDelegate5/Info.plist;
				LD_RUNPATH_SEARCH_PATHS = (
					"$(inherited)",
					"@executable_path/Frameworks",
				);
				PRODUCT_BUNDLE_IDENTIFIER = Long.PassDataDelegate5;
				PRODUCT_NAME = "$(TARGET_NAME)";
				SWIFT_VERSION = 5.0;
				TARGETED_DEVICE_FAMILY = "1,2";
			};
			name = Release;
		};
/* End XCBuildConfiguration section */

/* Begin XCConfigurationList section */
		84854E1623F6E4D2005B2BFD /* Build configuration list for PBXProject "PassDataDelegate5" */ = {
			isa = XCConfigurationList;
			buildConfigurations = (
				84854E2D23F6E4D3005B2BFD /* Debug */,
				84854E2E23F6E4D3005B2BFD /* Release */,
			);
			defaultConfigurationIsVisible = 0;
			defaultConfigurationName = Release;
		};
		84854E2F23F6E4D3005B2BFD /* Build configuration list for PBXNativeTarget "PassDataDelegate5" */ = {
			isa = XCConfigurationList;
			buildConfigurations = (
				84854E3023F6E4D3005B2BFD /* Debug */,
				84854E3123F6E4D3005B2BFD /* Release */,
			);
			defaultConfigurationIsVisible = 0;
			defaultConfigurationName = Release;
		};
/* End XCConfigurationList section */
	};
	rootObject = 84854E1323F6E4D2005B2BFD /* Project object */;
}
